// !$*UTF8*$!
{
	archiveVersion = 1;
	classes = {
	};
	objectVersion = 51;
	objects = {

/* Begin PBXBuildFile section */
		465F313E63F1D3C4EEEE8397 /* Pods_PG5601_host2020.framework in Frameworks */ = {isa = PBXBuildFile; fileRef = D97E9969138E6609E82BBA59 /* Pods_PG5601_host2020.framework */; };
		AFBF3755254EE671007EF87F /* AppDelegate.swift in Sources */ = {isa = PBXBuildFile; fileRef = AFBF3754254EE671007EF87F /* AppDelegate.swift */; };
		AFBF3757254EE671007EF87F /* SceneDelegate.swift in Sources */ = {isa = PBXBuildFile; fileRef = AFBF3756254EE671007EF87F /* SceneDelegate.swift */; };
		AFBF3759254EE671007EF87F /* TableViewController.swift in Sources */ = {isa = PBXBuildFile; fileRef = AFBF3758254EE671007EF87F /* TableViewController.swift */; };
		AFBF375C254EE671007EF87F /* Main.storyboard in Resources */ = {isa = PBXBuildFile; fileRef = AFBF375A254EE671007EF87F /* Main.storyboard */; };
		AFBF375E254EE672007EF87F /* Assets.xcassets in Resources */ = {isa = PBXBuildFile; fileRef = AFBF375D254EE672007EF87F /* Assets.xcassets */; };
		AFBF3761254EE672007EF87F /* LaunchScreen.storyboard in Resources */ = {isa = PBXBuildFile; fileRef = AFBF375F254EE672007EF87F /* LaunchScreen.storyboard */; };
		AFBF3769254EE7FB007EF87F /* MetRequest.swift in Sources */ = {isa = PBXBuildFile; fileRef = AFBF3768254EE7FB007EF87F /* MetRequest.swift */; };
		AFBF376B254EEC5E007EF87F /* DataObjects.swift in Sources */ = {isa = PBXBuildFile; fileRef = AFBF376A254EEC5E007EF87F /* DataObjects.swift */; };
		AFBF376D254F1625007EF87F /* WeatherInformatinCell.swift in Sources */ = {isa = PBXBuildFile; fileRef = AFBF376C254F1625007EF87F /* WeatherInformatinCell.swift */; };
		AFBF3770254F3965007EF87F /* WeatherInformation.swift in Sources */ = {isa = PBXBuildFile; fileRef = AFBF376F254F3965007EF87F /* WeatherInformation.swift */; };
		AFBF377325506990007EF87F /* MainMenuHeader.swift in Sources */ = {isa = PBXBuildFile; fileRef = AFBF377225506990007EF87F /* MainMenuHeader.swift */; };
		AFBF377725507958007EF87F /* MapViewController.swift in Sources */ = {isa = PBXBuildFile; fileRef = AFBF377625507958007EF87F /* MapViewController.swift */; };
		AFBF377925532F04007EF87F /* HomeViewController.swift in Sources */ = {isa = PBXBuildFile; fileRef = AFBF377825532F04007EF87F /* HomeViewController.swift */; };
		AFBF377B255333C8007EF87F /* HomeView.swift in Sources */ = {isa = PBXBuildFile; fileRef = AFBF377A255333C8007EF87F /* HomeView.swift */; };
		AFC76AB7255810CD00F2FA42 /* weathericon in Resources */ = {isa = PBXBuildFile; fileRef = AFC76AB6255810CD00F2FA42 /* weathericon */; };
		AFC76ABC255EF6D100F2FA42 /* MapInformationView.swift in Sources */ = {isa = PBXBuildFile; fileRef = AFC76ABB255EF6D100F2FA42 /* MapInformationView.swift */; };
		AFC76AC0256AA5C200F2FA42 /* HomePageViewController.swift in Sources */ = {isa = PBXBuildFile; fileRef = AFC76ABF256AA5C200F2FA42 /* HomePageViewController.swift */; };
		AFC76AC2256AC2EA00F2FA42 /* LocationManager.swift in Sources */ = {isa = PBXBuildFile; fileRef = AFC76AC1256AC2EA00F2FA42 /* LocationManager.swift */; };
/* End PBXBuildFile section */

/* Begin PBXFileReference section */
		6A90C084602543BD173FB77E /* Pods-PG5601_host2020.release.xcconfig */ = {isa = PBXFileReference; includeInIndex = 1; lastKnownFileType = text.xcconfig; name = "Pods-PG5601_host2020.release.xcconfig"; path = "Target Support Files/Pods-PG5601_host2020/Pods-PG5601_host2020.release.xcconfig"; sourceTree = "<group>"; };
		AFBF3751254EE671007EF87F /* PG5601_host2020.app */ = {isa = PBXFileReference; explicitFileType = wrapper.application; includeInIndex = 0; path = PG5601_host2020.app; sourceTree = BUILT_PRODUCTS_DIR; };
		AFBF3754254EE671007EF87F /* AppDelegate.swift */ = {isa = PBXFileReference; lastKnownFileType = sourcecode.swift; path = AppDelegate.swift; sourceTree = "<group>"; };
		AFBF3756254EE671007EF87F /* SceneDelegate.swift */ = {isa = PBXFileReference; lastKnownFileType = sourcecode.swift; path = SceneDelegate.swift; sourceTree = "<group>"; };
		AFBF3758254EE671007EF87F /* TableViewController.swift */ = {isa = PBXFileReference; lastKnownFileType = sourcecode.swift; path = TableViewController.swift; sourceTree = "<group>"; };
		AFBF375B254EE671007EF87F /* Base */ = {isa = PBXFileReference; lastKnownFileType = file.storyboard; name = Base; path = Base.lproj/Main.storyboard; sourceTree = "<group>"; };
		AFBF375D254EE672007EF87F /* Assets.xcassets */ = {isa = PBXFileReference; lastKnownFileType = folder.assetcatalog; path = Assets.xcassets; sourceTree = "<group>"; };
		AFBF3760254EE672007EF87F /* Base */ = {isa = PBXFileReference; lastKnownFileType = file.storyboard; name = Base; path = Base.lproj/LaunchScreen.storyboard; sourceTree = "<group>"; };
		AFBF3762254EE672007EF87F /* Info.plist */ = {isa = PBXFileReference; lastKnownFileType = text.plist.xml; path = Info.plist; sourceTree = "<group>"; };
		AFBF3768254EE7FB007EF87F /* MetRequest.swift */ = {isa = PBXFileReference; lastKnownFileType = sourcecode.swift; path = MetRequest.swift; sourceTree = "<group>"; };
		AFBF376A254EEC5E007EF87F /* DataObjects.swift */ = {isa = PBXFileReference; lastKnownFileType = sourcecode.swift; path = DataObjects.swift; sourceTree = "<group>"; };
		AFBF376C254F1625007EF87F /* WeatherInformatinCell.swift */ = {isa = PBXFileReference; lastKnownFileType = sourcecode.swift; path = WeatherInformatinCell.swift; sourceTree = "<group>"; };
		AFBF376F254F3965007EF87F /* WeatherInformation.swift */ = {isa = PBXFileReference; lastKnownFileType = sourcecode.swift; path = WeatherInformation.swift; sourceTree = "<group>"; };
		AFBF377225506990007EF87F /* MainMenuHeader.swift */ = {isa = PBXFileReference; lastKnownFileType = sourcecode.swift; path = MainMenuHeader.swift; sourceTree = "<group>"; };
		AFBF377625507958007EF87F /* MapViewController.swift */ = {isa = PBXFileReference; lastKnownFileType = sourcecode.swift; path = MapViewController.swift; sourceTree = "<group>"; };
		AFBF377825532F04007EF87F /* HomeViewController.swift */ = {isa = PBXFileReference; lastKnownFileType = sourcecode.swift; path = HomeViewController.swift; sourceTree = "<group>"; };
		AFBF377A255333C8007EF87F /* HomeView.swift */ = {isa = PBXFileReference; lastKnownFileType = sourcecode.swift; path = HomeView.swift; sourceTree = "<group>"; };
		AFC76AB6255810CD00F2FA42 /* weathericon */ = {isa = PBXFileReference; fileEncoding = 4; lastKnownFileType = text; path = weathericon; sourceTree = SOURCE_ROOT; };
		AFC76ABB255EF6D100F2FA42 /* MapInformationView.swift */ = {isa = PBXFileReference; lastKnownFileType = sourcecode.swift; path = MapInformationView.swift; sourceTree = "<group>"; };
		AFC76ABF256AA5C200F2FA42 /* HomePageViewController.swift */ = {isa = PBXFileReference; lastKnownFileType = sourcecode.swift; path = HomePageViewController.swift; sourceTree = "<group>"; };
		AFC76AC1256AC2EA00F2FA42 /* LocationManager.swift */ = {isa = PBXFileReference; lastKnownFileType = sourcecode.swift; path = LocationManager.swift; sourceTree = "<group>"; };
		CDB9152A47B3E53F3151F654 /* Pods-PG5601_host2020.debug.xcconfig */ = {isa = PBXFileReference; includeInIndex = 1; lastKnownFileType = text.xcconfig; name = "Pods-PG5601_host2020.debug.xcconfig"; path = "Target Support Files/Pods-PG5601_host2020/Pods-PG5601_host2020.debug.xcconfig"; sourceTree = "<group>"; };
		D97E9969138E6609E82BBA59 /* Pods_PG5601_host2020.framework */ = {isa = PBXFileReference; explicitFileType = wrapper.framework; includeInIndex = 0; path = Pods_PG5601_host2020.framework; sourceTree = BUILT_PRODUCTS_DIR; };
/* End PBXFileReference section */

/* Begin PBXFrameworksBuildPhase section */
		AFBF374E254EE671007EF87F /* Frameworks */ = {
			isa = PBXFrameworksBuildPhase;
			buildActionMask = 2147483647;
			files = (
				465F313E63F1D3C4EEEE8397 /* Pods_PG5601_host2020.framework in Frameworks */,
			);
			runOnlyForDeploymentPostprocessing = 0;
		};
/* End PBXFrameworksBuildPhase section */

/* Begin PBXGroup section */
		626C2232BAE3B96872D98F00 /* Frameworks */ = {
			isa = PBXGroup;
			children = (
				D97E9969138E6609E82BBA59 /* Pods_PG5601_host2020.framework */,
			);
			name = Frameworks;
			sourceTree = "<group>";
		};
		AFBF3748254EE671007EF87F = {
			isa = PBXGroup;
			children = (
				AFBF3753254EE671007EF87F /* PG5601_host2020 */,
				AFBF3752254EE671007EF87F /* Products */,
				D38DE6BD1F4B32CD927436BE /* Pods */,
				626C2232BAE3B96872D98F00 /* Frameworks */,
			);
			sourceTree = "<group>";
		};
		AFBF3752254EE671007EF87F /* Products */ = {
			isa = PBXGroup;
			children = (
				AFBF3751254EE671007EF87F /* PG5601_host2020.app */,
			);
			name = Products;
			sourceTree = "<group>";
		};
		AFBF3753254EE671007EF87F /* PG5601_host2020 */ = {
			isa = PBXGroup;
			children = (
				AFC76ABA25583FE100F2FA42 /* Common */,
				AFC76AB925583F5D00F2FA42 /* Forecast */,
				AFC76AB825583F4C00F2FA42 /* Home */,
				AFC76AB6255810CD00F2FA42 /* weathericon */,
				AFBF3754254EE671007EF87F /* AppDelegate.swift */,
				AFBF3756254EE671007EF87F /* SceneDelegate.swift */,
				AFBF375A254EE671007EF87F /* Main.storyboard */,
				AFBF375D254EE672007EF87F /* Assets.xcassets */,
				AFBF375F254EE672007EF87F /* LaunchScreen.storyboard */,
				AFBF3762254EE672007EF87F /* Info.plist */,
				AFBF376E254F38BB007EF87F /* Map */,
			);
			path = PG5601_host2020;
			sourceTree = "<group>";
		};
		AFBF376E254F38BB007EF87F /* Map */ = {
			isa = PBXGroup;
			children = (
				AFBF377625507958007EF87F /* MapViewController.swift */,
				AFBF376F254F3965007EF87F /* WeatherInformation.swift */,
				AFC76ABB255EF6D100F2FA42 /* MapInformationView.swift */,
			);
			path = Map;
			sourceTree = "<group>";
		};
		AFC76AB825583F4C00F2FA42 /* Home */ = {
			isa = PBXGroup;
			children = (
				AFBF377825532F04007EF87F /* HomeViewController.swift */,
				AFBF377A255333C8007EF87F /* HomeView.swift */,
				AFC76ABF256AA5C200F2FA42 /* HomePageViewController.swift */,
			);
			path = Home;
			sourceTree = "<group>";
		};
		AFC76AB925583F5D00F2FA42 /* Forecast */ = {
			isa = PBXGroup;
			children = (
				AFBF376C254F1625007EF87F /* WeatherInformatinCell.swift */,
				AFBF3758254EE671007EF87F /* TableViewController.swift */,
				AFBF377225506990007EF87F /* MainMenuHeader.swift */,
			);
			path = Forecast;
			sourceTree = "<group>";
		};
		AFC76ABA25583FE100F2FA42 /* Common */ = {
			isa = PBXGroup;
			children = (
				AFBF376A254EEC5E007EF87F /* DataObjects.swift */,
				AFBF3768254EE7FB007EF87F /* MetRequest.swift */,
				AFC76AC1256AC2EA00F2FA42 /* LocationManager.swift */,
			);
			path = Common;
			sourceTree = "<group>";
		};
		D38DE6BD1F4B32CD927436BE /* Pods */ = {
			isa = PBXGroup;
			children = (
				CDB9152A47B3E53F3151F654 /* Pods-PG5601_host2020.debug.xcconfig */,
				6A90C084602543BD173FB77E /* Pods-PG5601_host2020.release.xcconfig */,
			);
			path = Pods;
			sourceTree = "<group>";
		};
/* End PBXGroup section */

/* Begin PBXNativeTarget section */
		AFBF3750254EE671007EF87F /* PG5601_host2020 */ = {
			isa = PBXNativeTarget;
			buildConfigurationList = AFBF3765254EE672007EF87F /* Build configuration list for PBXNativeTarget "PG5601_host2020" */;
			buildPhases = (
				A7C534971CEF94E167B3FFB2 /* [CP] Check Pods Manifest.lock */,
				AFBF374D254EE671007EF87F /* Sources */,
				AFBF374E254EE671007EF87F /* Frameworks */,
				AFBF374F254EE671007EF87F /* Resources */,
				678C25609F6364F666076075 /* [CP] Embed Pods Frameworks */,
			);
			buildRules = (
			);
			dependencies = (
			);
			name = PG5601_host2020;
			productName = PG5601_host2020;
			productReference = AFBF3751254EE671007EF87F /* PG5601_host2020.app */;
			productType = "com.apple.product-type.application";
		};
/* End PBXNativeTarget section */

/* Begin PBXProject section */
		AFBF3749254EE671007EF87F /* Project object */ = {
			isa = PBXProject;
			attributes = {
				LastSwiftUpdateCheck = 1160;
				LastUpgradeCheck = 1160;
				ORGANIZATIONNAME = "Maya maria Kjær";
				TargetAttributes = {
					AFBF3750254EE671007EF87F = {
						CreatedOnToolsVersion = 11.6;
					};
				};
			};
			buildConfigurationList = AFBF374C254EE671007EF87F /* Build configuration list for PBXProject "PG5601_host2020" */;
			compatibilityVersion = "Xcode 9.3";
			developmentRegion = en;
			hasScannedForEncodings = 0;
			knownRegions = (
				en,
				Base,
			);
			mainGroup = AFBF3748254EE671007EF87F;
			productRefGroup = AFBF3752254EE671007EF87F /* Products */;
			projectDirPath = "";
			projectRoot = "";
			targets = (
				AFBF3750254EE671007EF87F /* PG5601_host2020 */,
			);
		};
/* End PBXProject section */

/* Begin PBXResourcesBuildPhase section */
		AFBF374F254EE671007EF87F /* Resources */ = {
			isa = PBXResourcesBuildPhase;
			buildActionMask = 2147483647;
			files = (
				AFC76AB7255810CD00F2FA42 /* weathericon in Resources */,
				AFBF3761254EE672007EF87F /* LaunchScreen.storyboard in Resources */,
				AFBF375E254EE672007EF87F /* Assets.xcassets in Resources */,
				AFBF375C254EE671007EF87F /* Main.storyboard in Resources */,
			);
			runOnlyForDeploymentPostprocessing = 0;
		};
/* End PBXResourcesBuildPhase section */

/* Begin PBXShellScriptBuildPhase section */
		678C25609F6364F666076075 /* [CP] Embed Pods Frameworks */ = {
			isa = PBXShellScriptBuildPhase;
			buildActionMask = 2147483647;
			files = (
			);
			inputFileListPaths = (
				"${PODS_ROOT}/Target Support Files/Pods-PG5601_host2020/Pods-PG5601_host2020-frameworks-${CONFIGURATION}-input-files.xcfilelist",
			);
			name = "[CP] Embed Pods Frameworks";
			outputFileListPaths = (
				"${PODS_ROOT}/Target Support Files/Pods-PG5601_host2020/Pods-PG5601_host2020-frameworks-${CONFIGURATION}-output-files.xcfilelist",
			);
			runOnlyForDeploymentPostprocessing = 0;
			shellPath = /bin/sh;
			shellScript = "\"${PODS_ROOT}/Target Support Files/Pods-PG5601_host2020/Pods-PG5601_host2020-frameworks.sh\"\n";
			showEnvVarsInLog = 0;
		};
		A7C534971CEF94E167B3FFB2 /* [CP] Check Pods Manifest.lock */ = {
			isa = PBXShellScriptBuildPhase;
			buildActionMask = 2147483647;
			files = (
			);
			inputFileListPaths = (
			);
			inputPaths = (
				"${PODS_PODFILE_DIR_PATH}/Podfile.lock",
				"${PODS_ROOT}/Manifest.lock",
			);
			name = "[CP] Check Pods Manifest.lock";
			outputFileListPaths = (
			);
			outputPaths = (
				"$(DERIVED_FILE_DIR)/Pods-PG5601_host2020-checkManifestLockResult.txt",
			);
			runOnlyForDeploymentPostprocessing = 0;
			shellPath = /bin/sh;
			shellScript = "diff \"${PODS_PODFILE_DIR_PATH}/Podfile.lock\" \"${PODS_ROOT}/Manifest.lock\" > /dev/null\nif [ $? != 0 ] ; then\n    # print error to STDERR\n    echo \"error: The sandbox is not in sync with the Podfile.lock. Run 'pod install' or update your CocoaPods installation.\" >&2\n    exit 1\nfi\n# This output is used by Xcode 'outputs' to avoid re-running this script phase.\necho \"SUCCESS\" > \"${SCRIPT_OUTPUT_FILE_0}\"\n";
			showEnvVarsInLog = 0;
		};
/* End PBXShellScriptBuildPhase section */

/* Begin PBXSourcesBuildPhase section */
		AFBF374D254EE671007EF87F /* Sources */ = {
			isa = PBXSourcesBuildPhase;
			buildActionMask = 2147483647;
			files = (
				AFBF3759254EE671007EF87F /* TableViewController.swift in Sources */,
				AFBF376B254EEC5E007EF87F /* DataObjects.swift in Sources */,
				AFBF377325506990007EF87F /* MainMenuHeader.swift in Sources */,
				AFBF377B255333C8007EF87F /* HomeView.swift in Sources */,
				AFBF377925532F04007EF87F /* HomeViewController.swift in Sources */,
				AFBF377725507958007EF87F /* MapViewController.swift in Sources */,
				AFBF3770254F3965007EF87F /* WeatherInformation.swift in Sources */,
				AFC76AC0256AA5C200F2FA42 /* HomePageViewController.swift in Sources */,
				AFC76ABC255EF6D100F2FA42 /* MapInformationView.swift in Sources */,
				AFBF3755254EE671007EF87F /* AppDelegate.swift in Sources */,
				AFC76AC2256AC2EA00F2FA42 /* LocationManager.swift in Sources */,
				AFBF3769254EE7FB007EF87F /* MetRequest.swift in Sources */,
				AFBF3757254EE671007EF87F /* SceneDelegate.swift in Sources */,
				AFBF376D254F1625007EF87F /* WeatherInformatinCell.swift in Sources */,
			);
			runOnlyForDeploymentPostprocessing = 0;
		};
/* End PBXSourcesBuildPhase section */

/* Begin PBXVariantGroup section */
		AFBF375A254EE671007EF87F /* Main.storyboard */ = {
			isa = PBXVariantGroup;
			children = (
				AFBF375B254EE671007EF87F /* Base */,
			);
			name = Main.storyboard;
			sourceTree = "<group>";
		};
		AFBF375F254EE672007EF87F /* LaunchScreen.storyboard */ = {
			isa = PBXVariantGroup;
			children = (
				AFBF3760254EE672007EF87F /* Base */,
			);
			name = LaunchScreen.storyboard;
			sourceTree = "<group>";
		};
/* End PBXVariantGroup section */

/* Begin XCBuildConfiguration section */
		AFBF3763254EE672007EF87F /* Debug */ = {
			isa = XCBuildConfiguration;
			buildSettings = {
				ALWAYS_SEARCH_USER_PATHS = NO;
				CLANG_ANALYZER_NONNULL = YES;
				CLANG_ANALYZER_NUMBER_OBJECT_CONVERSION = YES_AGGRESSIVE;
				CLANG_CXX_LANGUAGE_STANDARD = "gnu++14";
				CLANG_CXX_LIBRARY = "libc++";
				CLANG_ENABLE_MODULES = YES;
				CLANG_ENABLE_OBJC_ARC = YES;
				CLANG_ENABLE_OBJC_WEAK = YES;
				CLANG_WARN_BLOCK_CAPTURE_AUTORELEASING = YES;
				CLANG_WARN_BOOL_CONVERSION = YES;
				CLANG_WARN_COMMA = YES;
				CLANG_WARN_CONSTANT_CONVERSION = YES;
				CLANG_WARN_DEPRECATED_OBJC_IMPLEMENTATIONS = YES;
				CLANG_WARN_DIRECT_OBJC_ISA_USAGE = YES_ERROR;
				CLANG_WARN_DOCUMENTATION_COMMENTS = YES;
				CLANG_WARN_EMPTY_BODY = YES;
				CLANG_WARN_ENUM_CONVERSION = YES;
				CLANG_WARN_INFINITE_RECURSION = YES;
				CLANG_WARN_INT_CONVERSION = YES;
				CLANG_WARN_NON_LITERAL_NULL_CONVERSION = YES;
				CLANG_WARN_OBJC_IMPLICIT_RETAIN_SELF = YES;
				CLANG_WARN_OBJC_LITERAL_CONVERSION = YES;
				CLANG_WARN_OBJC_ROOT_CLASS = YES_ERROR;
				CLANG_WARN_RANGE_LOOP_ANALYSIS = YES;
				CLANG_WARN_STRICT_PROTOTYPES = YES;
				CLANG_WARN_SUSPICIOUS_MOVE = YES;
				CLANG_WARN_UNGUARDED_AVAILABILITY = YES_AGGRESSIVE;
				CLANG_WARN_UNREACHABLE_CODE = YES;
				CLANG_WARN__DUPLICATE_METHOD_MATCH = YES;
				COPY_PHASE_STRIP = NO;
				DEBUG_INFORMATION_FORMAT = dwarf;
				ENABLE_STRICT_OBJC_MSGSEND = YES;
				ENABLE_TESTABILITY = YES;
				GCC_C_LANGUAGE_STANDARD = gnu11;
				GCC_DYNAMIC_NO_PIC = NO;
				GCC_NO_COMMON_BLOCKS = YES;
				GCC_OPTIMIZATION_LEVEL = 0;
				GCC_PREPROCESSOR_DEFINITIONS = (
					"DEBUG=1",
					"$(inherited)",
				);
				GCC_WARN_64_TO_32_BIT_CONVERSION = YES;
				GCC_WARN_ABOUT_RETURN_TYPE = YES_ERROR;
				GCC_WARN_UNDECLARED_SELECTOR = YES;
				GCC_WARN_UNINITIALIZED_AUTOS = YES_AGGRESSIVE;
				GCC_WARN_UNUSED_FUNCTION = YES;
				GCC_WARN_UNUSED_VARIABLE = YES;
				IPHONEOS_DEPLOYMENT_TARGET = 13.6;
				MTL_ENABLE_DEBUG_INFO = INCLUDE_SOURCE;
				MTL_FAST_MATH = YES;
				ONLY_ACTIVE_ARCH = YES;
				SDKROOT = iphoneos;
				SWIFT_ACTIVE_COMPILATION_CONDITIONS = DEBUG;
				SWIFT_OPTIMIZATION_LEVEL = "-Onone";
			};
			name = Debug;
		};
		AFBF3764254EE672007EF87F /* Release */ = {
			isa = XCBuildConfiguration;
			buildSettings = {
				ALWAYS_SEARCH_USER_PATHS = NO;
				CLANG_ANALYZER_NONNULL = YES;
				CLANG_ANALYZER_NUMBER_OBJECT_CONVERSION = YES_AGGRESSIVE;
				CLANG_CXX_LANGUAGE_STANDARD = "gnu++14";
				CLANG_CXX_LIBRARY = "libc++";
				CLANG_ENABLE_MODULES = YES;
				CLANG_ENABLE_OBJC_ARC = YES;
				CLANG_ENABLE_OBJC_WEAK = YES;
				CLANG_WARN_BLOCK_CAPTURE_AUTORELEASING = YES;
				CLANG_WARN_BOOL_CONVERSION = YES;
				CLANG_WARN_COMMA = YES;
				CLANG_WARN_CONSTANT_CONVERSION = YES;
				CLANG_WARN_DEPRECATED_OBJC_IMPLEMENTATIONS = YES;
				CLANG_WARN_DIRECT_OBJC_ISA_USAGE = YES_ERROR;
				CLANG_WARN_DOCUMENTATION_COMMENTS = YES;
				CLANG_WARN_EMPTY_BODY = YES;
				CLANG_WARN_ENUM_CONVERSION = YES;
				CLANG_WARN_INFINITE_RECURSION = YES;
				CLANG_WARN_INT_CONVERSION = YES;
				CLANG_WARN_NON_LITERAL_NULL_CONVERSION = YES;
				CLANG_WARN_OBJC_IMPLICIT_RETAIN_SELF = YES;
				CLANG_WARN_OBJC_LITERAL_CONVERSION = YES;
				CLANG_WARN_OBJC_ROOT_CLASS = YES_ERROR;
				CLANG_WARN_RANGE_LOOP_ANALYSIS = YES;
				CLANG_WARN_STRICT_PROTOTYPES = YES;
				CLANG_WARN_SUSPICIOUS_MOVE = YES;
				CLANG_WARN_UNGUARDED_AVAILABILITY = YES_AGGRESSIVE;
				CLANG_WARN_UNREACHABLE_CODE = YES;
				CLANG_WARN__DUPLICATE_METHOD_MATCH = YES;
				COPY_PHASE_STRIP = NO;
				DEBUG_INFORMATION_FORMAT = "dwarf-with-dsym";
				ENABLE_NS_ASSERTIONS = NO;
				ENABLE_STRICT_OBJC_MSGSEND = YES;
				GCC_C_LANGUAGE_STANDARD = gnu11;
				GCC_NO_COMMON_BLOCKS = YES;
				GCC_WARN_64_TO_32_BIT_CONVERSION = YES;
				GCC_WARN_ABOUT_RETURN_TYPE = YES_ERROR;
				GCC_WARN_UNDECLARED_SELECTOR = YES;
				GCC_WARN_UNINITIALIZED_AUTOS = YES_AGGRESSIVE;
				GCC_WARN_UNUSED_FUNCTION = YES;
				GCC_WARN_UNUSED_VARIABLE = YES;
				IPHONEOS_DEPLOYMENT_TARGET = 13.6;
				MTL_ENABLE_DEBUG_INFO = NO;
				MTL_FAST_MATH = YES;
				SDKROOT = iphoneos;
				SWIFT_COMPILATION_MODE = wholemodule;
				SWIFT_OPTIMIZATION_LEVEL = "-O";
				VALIDATE_PRODUCT = YES;
			};
			name = Release;
		};
		AFBF3766254EE672007EF87F /* Debug */ = {
			isa = XCBuildConfiguration;
			baseConfigurationReference = CDB9152A47B3E53F3151F654 /* Pods-PG5601_host2020.debug.xcconfig */;
			buildSettings = {
				ASSETCATALOG_COMPILER_APPICON_NAME = AppIcon;
				CODE_SIGN_STYLE = Automatic;
				INFOPLIST_FILE = PG5601_host2020/Info.plist;
				LD_RUNPATH_SEARCH_PATHS = (
					"$(inherited)",
					"@executable_path/Frameworks",
				);
				PRODUCT_BUNDLE_IDENTIFIER = "com.MayaKj-r.PG5601-host2020";
				PRODUCT_NAME = "$(TARGET_NAME)";
				SWIFT_VERSION = 5.0;
				TARGETED_DEVICE_FAMILY = "1,2";
			};
			name = Debug;
		};
		AFBF3767254EE672007EF87F /* Release */ = {
			isa = XCBuildConfiguration;
			baseConfigurationReference = 6A90C084602543BD173FB77E /* Pods-PG5601_host2020.release.xcconfig */;
			buildSettings = {
				ASSETCATALOG_COMPILER_APPICON_NAME = AppIcon;
				CODE_SIGN_STYLE = Automatic;
				INFOPLIST_FILE = PG5601_host2020/Info.plist;
				LD_RUNPATH_SEARCH_PATHS = (
					"$(inherited)",
					"@executable_path/Frameworks",
				);
				PRODUCT_BUNDLE_IDENTIFIER = "com.MayaKj-r.PG5601-host2020";
				PRODUCT_NAME = "$(TARGET_NAME)";
				SWIFT_VERSION = 5.0;
				TARGETED_DEVICE_FAMILY = "1,2";
			};
			name = Release;
		};
/* End XCBuildConfiguration section */

/* Begin XCConfigurationList section */
		AFBF374C254EE671007EF87F /* Build configuration list for PBXProject "PG5601_host2020" */ = {
			isa = XCConfigurationList;
			buildConfigurations = (
				AFBF3763254EE672007EF87F /* Debug */,
				AFBF3764254EE672007EF87F /* Release */,
			);
			defaultConfigurationIsVisible = 0;
			defaultConfigurationName = Release;
		};
		AFBF3765254EE672007EF87F /* Build configuration list for PBXNativeTarget "PG5601_host2020" */ = {
			isa = XCConfigurationList;
			buildConfigurations = (
				AFBF3766254EE672007EF87F /* Debug */,
				AFBF3767254EE672007EF87F /* Release */,
			);
			defaultConfigurationIsVisible = 0;
			defaultConfigurationName = Release;
		};
/* End XCConfigurationList section */
	};
	rootObject = AFBF3749254EE671007EF87F /* Project object */;
}
